
Microsoft Visual Studio Solution File, Format Version 12.00
# Visual Studio 2013
VisualStudioVersion = 12.0.31101.0
MinimumVisualStudioVersion = 10.0.40219.1
Project("{FAE04EC0-301F-11D3-BF4B-00C04F79EFBC}") = "01SquareRoot", "01SquareRoot\01SquareRoot.csproj", "{FF40A9C7-4A94-4CB8-9912-439261A6F6BD}"
EndProject
Project("{FAE04EC0-301F-11D3-BF4B-00C04F79EFBC}") = "02EnterNumbers", "02EnterNumbers\02EnterNumbers.csproj", "{520B2982-B1A5-4BA2-8FEB-AC9FD8C13D79}"
EndProject
Project("{FAE04EC0-301F-11D3-BF4B-00C04F79EFBC}") = "04DownloadFile", "04DownloadFile\04DownloadFile.csproj", "{B1754797-D1A1-48EA-8206-3E8F3D01D202}"
EndProject
Project("{FAE04EC0-301F-11D3-BF4B-00C04F79EFBC}") = "03ReadFileContents", "03ReadFileContents\03ReadFileContents.csproj", "{A2F42393-5093-421A-A38E-90D94C057FB2}"
EndProject
Global
	GlobalSection(SolutionConfigurationPlatforms) = preSolution
		Debug|Any CPU = Debug|Any CPU
		Release|Any CPU = Release|Any CPU
	EndGlobalSection
	GlobalSection(ProjectConfigurationPlatforms) = postSolution
		{FF40A9C7-4A94-4CB8-9912-439261A6F6BD}.Debug|Any CPU.ActiveCfg = Debug|Any CPU
		{FF40A9C7-4A94-4CB8-9912-439261A6F6BD}.Debug|Any CPU.Build.0 = Debug|Any CPU
		{FF40A9C7-4A94-4CB8-9912-439261A6F6BD}.Release|Any CPU.ActiveCfg = Release|Any CPU
		{FF40A9C7-4A94-4CB8-9912-439261A6F6BD}.Release|Any CPU.Build.0 = Release|Any CPU
		{520B2982-B1A5-4BA2-8FEB-AC9FD8C13D79}.Debug|Any CPU.ActiveCfg = Debug|Any CPU
		{520B2982-B1A5-4BA2-8FEB-AC9FD8C13D79}.Debug|Any CPU.Build.0 = Debug|Any CPU
		{520B2982-B1A5-4BA2-8FEB-AC9FD8C13D79}.Release|Any CPU.ActiveCfg = Release|Any CPU
		{520B2982-B1A5-4BA2-8FEB-AC9FD8C13D79}.Release|Any CPU.Build.0 = Release|Any CPU
		{B1754797-D1A1-48EA-8206-3E8F3D01D202}.Debug|Any CPU.ActiveCfg = Debug|Any CPU
		{B1754797-D1A1-48EA-8206-3E8F3D01D202}.Debug|Any CPU.Build.0 = Debug|Any CPU
		{B1754797-D1A1-48EA-8206-3E8F3D01D202}.Release|Any CPU.ActiveCfg = Release|Any CPU
		{B1754797-D1A1-48EA-8206-3E8F3D01D202}.Release|Any CPU.Build.0 = Release|Any CPU
		{A2F42393-5093-421A-A38E-90D94C057FB2}.Debug|Any CPU.ActiveCfg = Debug|Any CPU
		{A2F42393-5093-421A-A38E-90D94C057FB2}.Debug|Any CPU.Build.0 = Debug|Any CPU
		{A2F42393-5093-421A-A38E-90D94C057FB2}.Release|Any CPU.ActiveCfg = Release|Any CPU
		{A2F42393-5093-421A-A38E-90D94C057FB2}.Release|Any CPU.Build.0 = Release|Any CPU
	EndGlobalSection
	GlobalSection(SolutionProperties) = preSolution
		HideSolutionNode = FALSE
	EndGlobalSection
EndGlobal
