
Microsoft Visual Studio Solution File, Format Version 12.00
# Visual Studio 2013
VisualStudioVersion = 12.0.31101.0
MinimumVisualStudioVersion = 10.0.40219.1
Project("{FAE04EC0-301F-11D3-BF4B-00C04F79EFBC}") = "01StringsInCSharp", "01StringsInCSharp\01StringsInCSharp.csproj", "{DC705D4A-1714-408C-AB42-9088E9E8D010}"
EndProject
Project("{FAE04EC0-301F-11D3-BF4B-00C04F79EFBC}") = "02everseString", "02everseString\02everseString.csproj", "{A3B402CB-8323-40E1-831B-41FAC071DA85}"
EndProject
Project("{FAE04EC0-301F-11D3-BF4B-00C04F79EFBC}") = "03CorrectBrackets", "03CorrectBrackets\03CorrectBrackets.csproj", "{1BC05883-86B9-47C9-8E9C-34238BAD2D55}"
EndProject
Project("{FAE04EC0-301F-11D3-BF4B-00C04F79EFBC}") = "04SubStringInText", "04SubStringInText\04SubStringInText.csproj", "{325092FE-2E3E-4A03-A604-15D10421F508}"
EndProject
Project("{FAE04EC0-301F-11D3-BF4B-00C04F79EFBC}") = "05ParseTags", "05ParseTags\05ParseTags.csproj", "{23BC4321-3924-42CD-9EDE-279C97F9C31A}"
EndProject
Project("{FAE04EC0-301F-11D3-BF4B-00C04F79EFBC}") = "06StringLength", "06StringLength\06StringLength.csproj", "{55F6249F-B7E6-4E64-981B-A9AE4E88D8C3}"
EndProject
Project("{FAE04EC0-301F-11D3-BF4B-00C04F79EFBC}") = "07EncodeDecode", "07EncodeDecode\07EncodeDecode.csproj", "{37081FC5-815B-4410-8E16-E06B8ADFA2EB}"
EndProject
Project("{FAE04EC0-301F-11D3-BF4B-00C04F79EFBC}") = "08ExtractSentences", "08ExtractSentences\08ExtractSentences.csproj", "{5057AC14-9817-4E3A-86E8-577768D85D31}"
EndProject
Project("{FAE04EC0-301F-11D3-BF4B-00C04F79EFBC}") = "09ForbiddenWords", "09ForbiddenWords\09ForbiddenWords.csproj", "{715A0BA6-3BCA-4B29-B6DA-946442421CC5}"
EndProject
Project("{FAE04EC0-301F-11D3-BF4B-00C04F79EFBC}") = "10UnicodeCharacters", "10UnicodeCharacters\10UnicodeCharacters.csproj", "{1DBE9B78-2524-4525-9702-CDDFABF67031}"
EndProject
Project("{FAE04EC0-301F-11D3-BF4B-00C04F79EFBC}") = "11FormatNumber", "11FormatNumber\11FormatNumber.csproj", "{C5E2A0DB-D8F5-4AC9-979C-BD5E87A1FAE3}"
EndProject
Project("{FAE04EC0-301F-11D3-BF4B-00C04F79EFBC}") = "12ParseURL", "12ParseURL\12ParseURL.csproj", "{9C32C357-9A78-4A46-B3E5-C509BE887166}"
EndProject
Project("{FAE04EC0-301F-11D3-BF4B-00C04F79EFBC}") = "13ReverseSentence", "13ReverseSentence\13ReverseSentence.csproj", "{A48DC635-DBF2-41D9-AF8B-37BC3DAAD68B}"
EndProject
Project("{FAE04EC0-301F-11D3-BF4B-00C04F79EFBC}") = "14WordDictionary", "14WordDictionary\14WordDictionary.csproj", "{4D674953-C723-4228-860A-A17CBB44620E}"
EndProject
Project("{FAE04EC0-301F-11D3-BF4B-00C04F79EFBC}") = "15ReplaceTags", "15ReplaceTags\15ReplaceTags.csproj", "{8B4B0803-0250-4134-87E7-D664525A9DF8}"
EndProject
Project("{FAE04EC0-301F-11D3-BF4B-00C04F79EFBC}") = "16DateDifference", "16DateDifference\16DateDifference.csproj", "{FAA975DE-7B12-42E9-9EA3-0881AA9921D2}"
EndProject
Project("{FAE04EC0-301F-11D3-BF4B-00C04F79EFBC}") = "17DateInBulgarian", "17DateInBulgarian\17DateInBulgarian.csproj", "{1015B0C7-B812-4CC3-86DB-AF5663D9ED49}"
EndProject
Project("{FAE04EC0-301F-11D3-BF4B-00C04F79EFBC}") = "18ExtractEmails", "18ExtractEmails\18ExtractEmails.csproj", "{CDABE7C4-0E30-40B5-85CC-71448DC73743}"
EndProject
Project("{FAE04EC0-301F-11D3-BF4B-00C04F79EFBC}") = "19DatesFromTextInCanada", "19DatesFromTextInCanada\19DatesFromTextInCanada.csproj", "{BE92F6BB-EDA7-40E5-8AC3-DA75AF3D8F23}"
EndProject
Project("{FAE04EC0-301F-11D3-BF4B-00C04F79EFBC}") = "20Palindrome", "20Palindrome\20Palindrome.csproj", "{68F7FAC6-DB7F-458C-AE02-9133D94B01C5}"
EndProject
Project("{FAE04EC0-301F-11D3-BF4B-00C04F79EFBC}") = "21LettersCount", "21LettersCount\21LettersCount.csproj", "{16EEF935-0466-41EA-971E-AB592D34D061}"
EndProject
Project("{FAE04EC0-301F-11D3-BF4B-00C04F79EFBC}") = "22WordsCount", "22WordsCount\22WordsCount.csproj", "{41B3229D-2106-4CF1-A9AC-D14E8E43F7C0}"
EndProject
Project("{FAE04EC0-301F-11D3-BF4B-00C04F79EFBC}") = "23SeriesOfLetters", "23SeriesOfLetters\23SeriesOfLetters.csproj", "{A3280936-CE58-4700-8D13-165994382CE2}"
EndProject
Project("{FAE04EC0-301F-11D3-BF4B-00C04F79EFBC}") = "24OrderWords", "24OrderWords\24OrderWords.csproj", "{6D1EC00B-58BD-49BC-8261-CC4A013824CA}"
EndProject
Project("{FAE04EC0-301F-11D3-BF4B-00C04F79EFBC}") = "25ExtractTextFromHTML", "25ExtractTextFromHTML\25ExtractTextFromHTML.csproj", "{41D11064-036B-422C-A688-8441DEDE2B40}"
EndProject
Global
	GlobalSection(SolutionConfigurationPlatforms) = preSolution
		Debug|Any CPU = Debug|Any CPU
		Release|Any CPU = Release|Any CPU
	EndGlobalSection
	GlobalSection(ProjectConfigurationPlatforms) = postSolution
		{DC705D4A-1714-408C-AB42-9088E9E8D010}.Debug|Any CPU.ActiveCfg = Debug|Any CPU
		{DC705D4A-1714-408C-AB42-9088E9E8D010}.Debug|Any CPU.Build.0 = Debug|Any CPU
		{DC705D4A-1714-408C-AB42-9088E9E8D010}.Release|Any CPU.ActiveCfg = Release|Any CPU
		{DC705D4A-1714-408C-AB42-9088E9E8D010}.Release|Any CPU.Build.0 = Release|Any CPU
		{A3B402CB-8323-40E1-831B-41FAC071DA85}.Debug|Any CPU.ActiveCfg = Debug|Any CPU
		{A3B402CB-8323-40E1-831B-41FAC071DA85}.Debug|Any CPU.Build.0 = Debug|Any CPU
		{A3B402CB-8323-40E1-831B-41FAC071DA85}.Release|Any CPU.ActiveCfg = Release|Any CPU
		{A3B402CB-8323-40E1-831B-41FAC071DA85}.Release|Any CPU.Build.0 = Release|Any CPU
		{1BC05883-86B9-47C9-8E9C-34238BAD2D55}.Debug|Any CPU.ActiveCfg = Debug|Any CPU
		{1BC05883-86B9-47C9-8E9C-34238BAD2D55}.Debug|Any CPU.Build.0 = Debug|Any CPU
		{1BC05883-86B9-47C9-8E9C-34238BAD2D55}.Release|Any CPU.ActiveCfg = Release|Any CPU
		{1BC05883-86B9-47C9-8E9C-34238BAD2D55}.Release|Any CPU.Build.0 = Release|Any CPU
		{325092FE-2E3E-4A03-A604-15D10421F508}.Debug|Any CPU.ActiveCfg = Debug|Any CPU
		{325092FE-2E3E-4A03-A604-15D10421F508}.Debug|Any CPU.Build.0 = Debug|Any CPU
		{325092FE-2E3E-4A03-A604-15D10421F508}.Release|Any CPU.ActiveCfg = Release|Any CPU
		{325092FE-2E3E-4A03-A604-15D10421F508}.Release|Any CPU.Build.0 = Release|Any CPU
		{23BC4321-3924-42CD-9EDE-279C97F9C31A}.Debug|Any CPU.ActiveCfg = Debug|Any CPU
		{23BC4321-3924-42CD-9EDE-279C97F9C31A}.Debug|Any CPU.Build.0 = Debug|Any CPU
		{23BC4321-3924-42CD-9EDE-279C97F9C31A}.Release|Any CPU.ActiveCfg = Release|Any CPU
		{23BC4321-3924-42CD-9EDE-279C97F9C31A}.Release|Any CPU.Build.0 = Release|Any CPU
		{55F6249F-B7E6-4E64-981B-A9AE4E88D8C3}.Debug|Any CPU.ActiveCfg = Debug|Any CPU
		{55F6249F-B7E6-4E64-981B-A9AE4E88D8C3}.Debug|Any CPU.Build.0 = Debug|Any CPU
		{55F6249F-B7E6-4E64-981B-A9AE4E88D8C3}.Release|Any CPU.ActiveCfg = Release|Any CPU
		{55F6249F-B7E6-4E64-981B-A9AE4E88D8C3}.Release|Any CPU.Build.0 = Release|Any CPU
		{37081FC5-815B-4410-8E16-E06B8ADFA2EB}.Debug|Any CPU.ActiveCfg = Debug|Any CPU
		{37081FC5-815B-4410-8E16-E06B8ADFA2EB}.Debug|Any CPU.Build.0 = Debug|Any CPU
		{37081FC5-815B-4410-8E16-E06B8ADFA2EB}.Release|Any CPU.ActiveCfg = Release|Any CPU
		{37081FC5-815B-4410-8E16-E06B8ADFA2EB}.Release|Any CPU.Build.0 = Release|Any CPU
		{5057AC14-9817-4E3A-86E8-577768D85D31}.Debug|Any CPU.ActiveCfg = Debug|Any CPU
		{5057AC14-9817-4E3A-86E8-577768D85D31}.Debug|Any CPU.Build.0 = Debug|Any CPU
		{5057AC14-9817-4E3A-86E8-577768D85D31}.Release|Any CPU.ActiveCfg = Release|Any CPU
		{5057AC14-9817-4E3A-86E8-577768D85D31}.Release|Any CPU.Build.0 = Release|Any CPU
		{715A0BA6-3BCA-4B29-B6DA-946442421CC5}.Debug|Any CPU.ActiveCfg = Debug|Any CPU
		{715A0BA6-3BCA-4B29-B6DA-946442421CC5}.Debug|Any CPU.Build.0 = Debug|Any CPU
		{715A0BA6-3BCA-4B29-B6DA-946442421CC5}.Release|Any CPU.ActiveCfg = Release|Any CPU
		{715A0BA6-3BCA-4B29-B6DA-946442421CC5}.Release|Any CPU.Build.0 = Release|Any CPU
		{1DBE9B78-2524-4525-9702-CDDFABF67031}.Debug|Any CPU.ActiveCfg = Debug|Any CPU
		{1DBE9B78-2524-4525-9702-CDDFABF67031}.Debug|Any CPU.Build.0 = Debug|Any CPU
		{1DBE9B78-2524-4525-9702-CDDFABF67031}.Release|Any CPU.ActiveCfg = Release|Any CPU
		{1DBE9B78-2524-4525-9702-CDDFABF67031}.Release|Any CPU.Build.0 = Release|Any CPU
		{C5E2A0DB-D8F5-4AC9-979C-BD5E87A1FAE3}.Debug|Any CPU.ActiveCfg = Debug|Any CPU
		{C5E2A0DB-D8F5-4AC9-979C-BD5E87A1FAE3}.Debug|Any CPU.Build.0 = Debug|Any CPU
		{C5E2A0DB-D8F5-4AC9-979C-BD5E87A1FAE3}.Release|Any CPU.ActiveCfg = Release|Any CPU
		{C5E2A0DB-D8F5-4AC9-979C-BD5E87A1FAE3}.Release|Any CPU.Build.0 = Release|Any CPU
		{9C32C357-9A78-4A46-B3E5-C509BE887166}.Debug|Any CPU.ActiveCfg = Debug|Any CPU
		{9C32C357-9A78-4A46-B3E5-C509BE887166}.Debug|Any CPU.Build.0 = Debug|Any CPU
		{9C32C357-9A78-4A46-B3E5-C509BE887166}.Release|Any CPU.ActiveCfg = Release|Any CPU
		{9C32C357-9A78-4A46-B3E5-C509BE887166}.Release|Any CPU.Build.0 = Release|Any CPU
		{A48DC635-DBF2-41D9-AF8B-37BC3DAAD68B}.Debug|Any CPU.ActiveCfg = Debug|Any CPU
		{A48DC635-DBF2-41D9-AF8B-37BC3DAAD68B}.Debug|Any CPU.Build.0 = Debug|Any CPU
		{A48DC635-DBF2-41D9-AF8B-37BC3DAAD68B}.Release|Any CPU.ActiveCfg = Release|Any CPU
		{A48DC635-DBF2-41D9-AF8B-37BC3DAAD68B}.Release|Any CPU.Build.0 = Release|Any CPU
		{4D674953-C723-4228-860A-A17CBB44620E}.Debug|Any CPU.ActiveCfg = Debug|Any CPU
		{4D674953-C723-4228-860A-A17CBB44620E}.Debug|Any CPU.Build.0 = Debug|Any CPU
		{4D674953-C723-4228-860A-A17CBB44620E}.Release|Any CPU.ActiveCfg = Release|Any CPU
		{4D674953-C723-4228-860A-A17CBB44620E}.Release|Any CPU.Build.0 = Release|Any CPU
		{8B4B0803-0250-4134-87E7-D664525A9DF8}.Debug|Any CPU.ActiveCfg = Debug|Any CPU
		{8B4B0803-0250-4134-87E7-D664525A9DF8}.Debug|Any CPU.Build.0 = Debug|Any CPU
		{8B4B0803-0250-4134-87E7-D664525A9DF8}.Release|Any CPU.ActiveCfg = Release|Any CPU
		{8B4B0803-0250-4134-87E7-D664525A9DF8}.Release|Any CPU.Build.0 = Release|Any CPU
		{FAA975DE-7B12-42E9-9EA3-0881AA9921D2}.Debug|Any CPU.ActiveCfg = Debug|Any CPU
		{FAA975DE-7B12-42E9-9EA3-0881AA9921D2}.Debug|Any CPU.Build.0 = Debug|Any CPU
		{FAA975DE-7B12-42E9-9EA3-0881AA9921D2}.Release|Any CPU.ActiveCfg = Release|Any CPU
		{FAA975DE-7B12-42E9-9EA3-0881AA9921D2}.Release|Any CPU.Build.0 = Release|Any CPU
		{1015B0C7-B812-4CC3-86DB-AF5663D9ED49}.Debug|Any CPU.ActiveCfg = Debug|Any CPU
		{1015B0C7-B812-4CC3-86DB-AF5663D9ED49}.Debug|Any CPU.Build.0 = Debug|Any CPU
		{1015B0C7-B812-4CC3-86DB-AF5663D9ED49}.Release|Any CPU.ActiveCfg = Release|Any CPU
		{1015B0C7-B812-4CC3-86DB-AF5663D9ED49}.Release|Any CPU.Build.0 = Release|Any CPU
		{CDABE7C4-0E30-40B5-85CC-71448DC73743}.Debug|Any CPU.ActiveCfg = Debug|Any CPU
		{CDABE7C4-0E30-40B5-85CC-71448DC73743}.Debug|Any CPU.Build.0 = Debug|Any CPU
		{CDABE7C4-0E30-40B5-85CC-71448DC73743}.Release|Any CPU.ActiveCfg = Release|Any CPU
		{CDABE7C4-0E30-40B5-85CC-71448DC73743}.Release|Any CPU.Build.0 = Release|Any CPU
		{BE92F6BB-EDA7-40E5-8AC3-DA75AF3D8F23}.Debug|Any CPU.ActiveCfg = Debug|Any CPU
		{BE92F6BB-EDA7-40E5-8AC3-DA75AF3D8F23}.Debug|Any CPU.Build.0 = Debug|Any CPU
		{BE92F6BB-EDA7-40E5-8AC3-DA75AF3D8F23}.Release|Any CPU.ActiveCfg = Release|Any CPU
		{BE92F6BB-EDA7-40E5-8AC3-DA75AF3D8F23}.Release|Any CPU.Build.0 = Release|Any CPU
		{68F7FAC6-DB7F-458C-AE02-9133D94B01C5}.Debug|Any CPU.ActiveCfg = Debug|Any CPU
		{68F7FAC6-DB7F-458C-AE02-9133D94B01C5}.Debug|Any CPU.Build.0 = Debug|Any CPU
		{68F7FAC6-DB7F-458C-AE02-9133D94B01C5}.Release|Any CPU.ActiveCfg = Release|Any CPU
		{68F7FAC6-DB7F-458C-AE02-9133D94B01C5}.Release|Any CPU.Build.0 = Release|Any CPU
		{16EEF935-0466-41EA-971E-AB592D34D061}.Debug|Any CPU.ActiveCfg = Debug|Any CPU
		{16EEF935-0466-41EA-971E-AB592D34D061}.Debug|Any CPU.Build.0 = Debug|Any CPU
		{16EEF935-0466-41EA-971E-AB592D34D061}.Release|Any CPU.ActiveCfg = Release|Any CPU
		{16EEF935-0466-41EA-971E-AB592D34D061}.Release|Any CPU.Build.0 = Release|Any CPU
		{41B3229D-2106-4CF1-A9AC-D14E8E43F7C0}.Debug|Any CPU.ActiveCfg = Debug|Any CPU
		{41B3229D-2106-4CF1-A9AC-D14E8E43F7C0}.Debug|Any CPU.Build.0 = Debug|Any CPU
		{41B3229D-2106-4CF1-A9AC-D14E8E43F7C0}.Release|Any CPU.ActiveCfg = Release|Any CPU
		{41B3229D-2106-4CF1-A9AC-D14E8E43F7C0}.Release|Any CPU.Build.0 = Release|Any CPU
		{A3280936-CE58-4700-8D13-165994382CE2}.Debug|Any CPU.ActiveCfg = Debug|Any CPU
		{A3280936-CE58-4700-8D13-165994382CE2}.Debug|Any CPU.Build.0 = Debug|Any CPU
		{A3280936-CE58-4700-8D13-165994382CE2}.Release|Any CPU.ActiveCfg = Release|Any CPU
		{A3280936-CE58-4700-8D13-165994382CE2}.Release|Any CPU.Build.0 = Release|Any CPU
		{6D1EC00B-58BD-49BC-8261-CC4A013824CA}.Debug|Any CPU.ActiveCfg = Debug|Any CPU
		{6D1EC00B-58BD-49BC-8261-CC4A013824CA}.Debug|Any CPU.Build.0 = Debug|Any CPU
		{6D1EC00B-58BD-49BC-8261-CC4A013824CA}.Release|Any CPU.ActiveCfg = Release|Any CPU
		{6D1EC00B-58BD-49BC-8261-CC4A013824CA}.Release|Any CPU.Build.0 = Release|Any CPU
		{41D11064-036B-422C-A688-8441DEDE2B40}.Debug|Any CPU.ActiveCfg = Debug|Any CPU
		{41D11064-036B-422C-A688-8441DEDE2B40}.Debug|Any CPU.Build.0 = Debug|Any CPU
		{41D11064-036B-422C-A688-8441DEDE2B40}.Release|Any CPU.ActiveCfg = Release|Any CPU
		{41D11064-036B-422C-A688-8441DEDE2B40}.Release|Any CPU.Build.0 = Release|Any CPU
	EndGlobalSection
	GlobalSection(SolutionProperties) = preSolution
		HideSolutionNode = FALSE
	EndGlobalSection
EndGlobal
